{
  "name": "TechWorkshop-L300-GitHub-Copilot-and-platform",
  "lockfileVersion": 3,
  "requires": true,
  "packages": {
    "": {
      "dependencies": {
        "@azure/mcp": "^2.0.0-beta.22"
      }
    },
    "node_modules/@azure/mcp": {
      "version": "2.0.0-beta.22",
      "resolved": "https://registry.npmjs.org/@azure/mcp/-/mcp-2.0.0-beta.22.tgz",
      "integrity": "sha512-c3aWgwJPYXJfItPIVWSxeVMILKaeLGp0fia+KjBU4MeFvy95aJca2qzOkOJEv5UQktT2VtWg4I5D7Q3L6dYl2w==",
      "cpu": [
        "x64",
        "arm64"
      ],
      "hasInstallScript": true,
      "os": [
        "linux",
        "darwin",
        "win32"
      ],
      "bin": {
        "azmcp": "index.js"
      },
      "engines": {
        "node": ">=20.0.0"
      },
      "optionalDependencies": {
        "@azure/mcp-darwin-arm64": "2.0.0-beta.22",
        "@azure/mcp-darwin-x64": "2.0.0-beta.22",
        "@azure/mcp-linux-arm64": "2.0.0-beta.22",
        "@azure/mcp-linux-x64": "2.0.0-beta.22",
        "@azure/mcp-win32-arm64": "2.0.0-beta.22",
        "@azure/mcp-win32-x64": "2.0.0-beta.22"
      }
    },
    "node_modules/@azure/mcp-darwin-arm64": {
      "version": "2.0.0-beta.22",
      "resolved": "https://registry.npmjs.org/@azure/mcp-darwin-arm64/-/mcp-darwin-arm64-2.0.0-beta.22.tgz",
      "integrity": "sha512-d/qoaeECIRDYrlRso6bxXZJ3S6/sOxahP4zreITwpJZjOAJtHNiQYeVQZ/UeRDM8VHoTpY4dfUS4B8YMQSBFjw==",
      "cpu": [
        "arm64"
      ],
      "optional": true,
      "os": [
        "darwin"
      ],
      "bin": {
        "azmcp-darwin-arm64": "dist/azmcp"
      },
      "engines": {
        "node": ">=20.0.0"
      }
    },
    "node_modules/@azure/mcp-darwin-x64": {
      "version": "2.0.0-beta.22",
      "resolved": "https://registry.npmjs.org/@azure/mcp-darwin-x64/-/mcp-darwin-x64-2.0.0-beta.22.tgz",
      "integrity": "sha512-gvGm9ubK9uBn4b7t7z8fqH9jOavFulOFNdXI3Rv3WtNtIFf1y6SKDJmpaW9PGEXCD7I/d7wYkg7hlyeU4Q3FuQ==",
      "cpu": [
        "x64"
      ],
      "optional": true,
      "os": [
        "darwin"
      ],
      "bin": {
        "azmcp-darwin-x64": "dist/azmcp"
      },
      "engines": {
        "node": ">=20.0.0"
      }
    },
    "node_modules/@azure/mcp-linux-arm64": {
      "version": "2.0.0-beta.22",
      "resolved": "https://registry.npmjs.org/@azure/mcp-linux-arm64/-/mcp-linux-arm64-2.0.0-beta.22.tgz",
      "integrity": "sha512-N8syI9MQ8W37+9kIkAAQ8idBNi3Qs24vqEx+pT1lJOQdn5QryNxhEhyxn2wLcJpKiLX0rZHBLN0ytDJ6V1uXpA==",
      "cpu": [
        "arm64"
      ],
      "optional": true,
      "os": [
        "linux"
      ],
      "bin": {
        "azmcp-linux-arm64": "dist/azmcp"
      },
      "engines": {
        "node": ">=20.0.0"
      }
    },
    "node_modules/@azure/mcp-linux-x64": {
      "version": "2.0.0-beta.22",
      "resolved": "https://registry.npmjs.org/@azure/mcp-linux-x64/-/mcp-linux-x64-2.0.0-beta.22.tgz",
      "integrity": "sha512-t3xYKhuynoaSZmJWSW4Xzhk+4snKZbIFr2miDPX3HsSbwoH1IqmDymsHEX/kpAY5N4UJ4QqASbTjnFOH+lBplQ==",
      "cpu": [
        "x64"
      ],
      "optional": true,
      "os": [
        "linux"
      ],
      "bin": {
        "azmcp-linux-x64": "dist/azmcp"
      },
      "engines": {
        "node": ">=20.0.0"
      }
    },
    "node_modules/@azure/mcp-win32-arm64": {
      "version": "2.0.0-beta.22",
      "resolved": "https://registry.npmjs.org/@azure/mcp-win32-arm64/-/mcp-win32-arm64-2.0.0-beta.22.tgz",
      "integrity": "sha512-I4yEjIYDgvlpkjgHgpbugVYid1sqotW7ZOea9NMnhy8TpHFXhgjlEoIcJU3GspOBgohX6K75eMK0aTnjf8xUVw==",
      "cpu": [
        "arm64"
      ],
      "optional": true,
      "os": [
        "win32"
      ],
      "bin": {
        "azmcp-win32-arm64": "dist/azmcp.exe"
      },
      "engines": {
        "node": ">=20.0.0"
      }
    },
    "node_modules/@azure/mcp-win32-x64": {
      "version": "2.0.0-beta.22",
      "resolved": "https://registry.npmjs.org/@azure/mcp-win32-x64/-/mcp-win32-x64-2.0.0-beta.22.tgz",
      "integrity": "sha512-OlYZMrzrMfS7Zgp8uca8HMRcdPtuOcc90VuaQ+8Z13scLjFOrNZNmCgv3whVZKsB36W9gWfcahlmEi2ViuIdSw==",
      "cpu": [
        "x64"
      ],
      "optional": true,
      "os": [
        "win32"
      ],
      "bin": {
        "azmcp-win32-x64": "dist/azmcp.exe"
      },
      "engines": {
        "node": ">=20.0.0"
      }
    }
  }
}
